// !$*UTF8*$!
{
	archiveVersion = 1;
	classes = {
	};
	objectVersion = 46;
	objects = {

/* Begin PBXBuildFile section */
		2804D0711E3A15E700B9E945 /* AppDelegate.swift in Sources */ = {isa = PBXBuildFile; fileRef = 2804D0701E3A15E700B9E945 /* AppDelegate.swift */; };
		2804D0731E3A15E700B9E945 /* ViewController.swift in Sources */ = {isa = PBXBuildFile; fileRef = 2804D0721E3A15E700B9E945 /* ViewController.swift */; };
		2804D0761E3A15E700B9E945 /* Main.storyboard in Resources */ = {isa = PBXBuildFile; fileRef = 2804D0741E3A15E700B9E945 /* Main.storyboard */; };
		2804D0781E3A15E700B9E945 /* Assets.xcassets in Resources */ = {isa = PBXBuildFile; fileRef = 2804D0771E3A15E700B9E945 /* Assets.xcassets */; };
		2804D07B1E3A15E700B9E945 /* LaunchScreen.storyboard in Resources */ = {isa = PBXBuildFile; fileRef = 2804D0791E3A15E700B9E945 /* LaunchScreen.storyboard */; };
/* End PBXBuildFile section */

/* Begin PBXFileReference section */
		2804D06D1E3A15E700B9E945 /* Demonstration.app */ = {isa = PBXFileReference; explicitFileType = wrapper.application; includeInIndex = 0; path = Demonstration.app; sourceTree = BUILT_PRODUCTS_DIR; };
		2804D0701E3A15E700B9E945 /* AppDelegate.swift */ = {isa = PBXFileReference; lastKnownFileType = sourcecode.swift; path = AppDelegate.swift; sourceTree = "<group>"; };
		2804D0721E3A15E700B9E945 /* ViewController.swift */ = {isa = PBXFileReference; lastKnownFileType = sourcecode.swift; path = ViewController.swift; sourceTree = "<group>"; };
		2804D0751E3A15E700B9E945 /* Base */ = {isa = PBXFileReference; lastKnownFileType = file.storyboard; name = Base; path = Base.lproj/Main.storyboard; sourceTree = "<group>"; };
		2804D0771E3A15E700B9E945 /* Assets.xcassets */ = {isa = PBXFileReference; lastKnownFileType = folder.assetcatalog; path = Assets.xcassets; sourceTree = "<group>"; };
		2804D07A1E3A15E700B9E945 /* Base */ = {isa = PBXFileReference; lastKnownFileType = file.storyboard; name = Base; path = Base.lproj/LaunchScreen.storyboard; sourceTree = "<group>"; };
		2804D07C1E3A15E700B9E945 /* Info.plist */ = {isa = PBXFileReference; lastKnownFileType = text.plist.xml; path = Info.plist; sourceTree = "<group>"; };
/* End PBXFileReference section */

/* Begin PBXFrameworksBuildPhase section */
		2804D06A1E3A15E700B9E945 /* Frameworks */ = {
			isa = PBXFrameworksBuildPhase;
			buildActionMask = 2147483647;
			files = (
			);
			runOnlyForDeploymentPostprocessing = 0;
		};
/* End PBXFrameworksBuildPhase section */

/* Begin PBXGroup section */
		2804D0641E3A15E700B9E945 = {
			isa = PBXGroup;
			children = (
				2804D06F1E3A15E700B9E945 /* Demonstration */,
				2804D06E1E3A15E700B9E945 /* Products */,
			);
			sourceTree = "<group>";
		};
		2804D06E1E3A15E700B9E945 /* Products */ = {
			isa = PBXGroup;
			children = (
				2804D06D1E3A15E700B9E945 /* Demonstration.app */,
			);
			name = Products;
			sourceTree = "<group>";
		};
		2804D06F1E3A15E700B9E945 /* Demonstration */ = {
			isa = PBXGroup;
			children = (
				2804D0701E3A15E700B9E945 /* AppDelegate.swift */,
				2804D0721E3A15E700B9E945 /* ViewController.swift */,
				2804D0741E3A15E700B9E945 /* Main.storyboard */,
				2804D0771E3A15E700B9E945 /* Assets.xcassets */,
				2804D0791E3A15E700B9E945 /* LaunchScreen.storyboard */,
				2804D07C1E3A15E700B9E945 /* Info.plist */,
			);
			path = Demonstration;
			sourceTree = "<group>";
		};
/* End PBXGroup section */

/* Begin PBXNativeTarget section */
		2804D06C1E3A15E700B9E945 /* Demonstration */ = {
			isa = PBXNativeTarget;
			buildConfigurationList = 2804D07F1E3A15E700B9E945 /* Build configuration list for PBXNativeTarget "Demonstration" */;
			buildPhases = (
				2804D0691E3A15E700B9E945 /* Sources */,
				2804D06A1E3A15E700B9E945 /* Frameworks */,
				2804D06B1E3A15E700B9E945 /* Resources */,
			);
			buildRules = (
			);
			dependencies = (
			);
			name = Demonstration;
			productName = Demonstration;
			productReference = 2804D06D1E3A15E700B9E945 /* Demonstration.app */;
			productType = "com.apple.product-type.application";
		};
/* End PBXNativeTarget section */

/* Begin PBXProject section */
		2804D0651E3A15E700B9E945 /* Project object */ = {
			isa = PBXProject;
			attributes = {
				LastSwiftUpdateCheck = 0820;
				LastUpgradeCheck = 0820;
				ORGANIZATIONNAME = "Neil's Ultimate Lab";
				TargetAttributes = {
					2804D06C1E3A15E700B9E945 = {
						CreatedOnToolsVersion = 8.2;
						ProvisioningStyle = Automatic;
					};
				};
			};
			buildConfigurationList = 2804D0681E3A15E700B9E945 /* Build configuration list for PBXProject "Demonstration" */;
			compatibilityVersion = "Xcode 3.2";
			developmentRegion = English;
			hasScannedForEncodings = 0;
			knownRegions = (
				en,
				Base,
			);
			mainGroup = 2804D0641E3A15E700B9E945;
			productRefGroup = 2804D06E1E3A15E700B9E945 /* Products */;
			projectDirPath = "";
			projectRoot = "";
			targets = (
				2804D06C1E3A15E700B9E945 /* Demonstration */,
			);
		};
/* End PBXProject section */

/* Begin PBXResourcesBuildPhase section */
		2804D06B1E3A15E700B9E945 /* Resources */ = {
			isa = PBXResourcesBuildPhase;
			buildActionMask = 2147483647;
			files = (
				2804D07B1E3A15E700B9E945 /* LaunchScreen.storyboard in Resources */,
				2804D0781E3A15E700B9E945 /* Assets.xcassets in Resources */,
				2804D0761E3A15E700B9E945 /* Main.storyboard in Resources */,
			);
			runOnlyForDeploymentPostprocessing = 0;
		};
/* End PBXResourcesBuildPhase section */

/* Begin PBXSourcesBuildPhase section */
		2804D0691E3A15E700B9E945 /* Sources */ = {
			isa = PBXSourcesBuildPhase;
			buildActionMask = 2147483647;
			files = (
				2804D0731E3A15E700B9E945 /* ViewController.swift in Sources */,
				2804D0711E3A15E700B9E945 /* AppDelegate.swift in Sources */,
			);
			runOnlyForDeploymentPostprocessing = 0;
		};
/* End PBXSourcesBuildPhase section */

/* Begin PBXVariantGroup section */
		2804D0741E3A15E700B9E945 /* Main.storyboard */ = {
			isa = PBXVariantGroup;
			children = (
				2804D0751E3A15E700B9E945 /* Base */,
			);
			name = Main.storyboard;
			sourceTree = "<group>";
		};
		2804D0791E3A15E700B9E945 /* LaunchScreen.storyboard */ = {
			isa = PBXVariantGroup;
			children = (
				2804D07A1E3A15E700B9E945 /* Base */,
			);
			name = LaunchScreen.storyboard;
			sourceTree = "<group>";
		};
/* End PBXVariantGroup section */

/* Begin XCBuildConfiguration section */
		2804D07D1E3A15E700B9E945 /* Debug */ = {
			isa = XCBuildConfiguration;
			buildSettings = {
				ALWAYS_SEARCH_USER_PATHS = NO;
				CLANG_ANALYZER_NONNULL = YES;
				CLANG_CXX_LANGUAGE_STANDARD = "gnu++0x";
				CLANG_CXX_LIBRARY = "libc++";
				CLANG_ENABLE_MODULES = YES;
				CLANG_ENABLE_OBJC_ARC = YES;
				CLANG_WARN_BOOL_CONVERSION = YES;
				CLANG_WARN_CONSTANT_CONVERSION = YES;
				CLANG_WARN_DIRECT_OBJC_ISA_USAGE = YES_ERROR;
				CLANG_WARN_DOCUMENTATION_COMMENTS = YES;
				CLANG_WARN_EMPTY_BODY = YES;
				CLANG_WARN_ENUM_CONVERSION = YES;
				CLANG_WARN_INFINITE_RECURSION = YES;
				CLANG_WARN_INT_CONVERSION = YES;
				CLANG_WARN_OBJC_ROOT_CLASS = YES_ERROR;
				CLANG_WARN_SUSPICIOUS_MOVE = YES;
				CLANG_WARN_UNREACHABLE_CODE = YES;
				CLANG_WARN__DUPLICATE_METHOD_MATCH = YES;
				"CODE_SIGN_IDENTITY[sdk=iphoneos*]" = "iPhone Developer";
				COPY_PHASE_STRIP = NO;
				DEBUG_INFORMATION_FORMAT = dwarf;
				ENABLE_STRICT_OBJC_MSGSEND = YES;
				ENABLE_TESTABILITY = YES;
				GCC_C_LANGUAGE_STANDARD = gnu99;
				GCC_DYNAMIC_NO_PIC = NO;
				GCC_NO_COMMON_BLOCKS = YES;
				GCC_OPTIMIZATION_LEVEL = 0;
				GCC_PREPROCESSOR_DEFINITIONS = (
					"DEBUG=1",
					"$(inherited)",
				);
				GCC_WARN_64_TO_32_BIT_CONVERSION = YES;
				GCC_WARN_ABOUT_RETURN_TYPE = YES_ERROR;
				GCC_WARN_UNDECLARED_SELECTOR = YES;
				GCC_WARN_UNINITIALIZED_AUTOS = YES_AGGRESSIVE;
				GCC_WARN_UNUSED_FUNCTION = YES;
				GCC_WARN_UNUSED_VARIABLE = YES;
				IPHONEOS_DEPLOYMENT_TARGET = 10.2;
				MTL_ENABLE_DEBUG_INFO = YES;
				ONLY_ACTIVE_ARCH = YES;
				SDKROOT = iphoneos;
				SWIFT_ACTIVE_COMPILATION_CONDITIONS = DEBUG;
				SWIFT_OPTIMIZATION_LEVEL = "-Onone";
				TARGETED_DEVICE_FAMILY = "1,2";
			};
			name = Debug;
		};
		2804D07E1E3A15E700B9E945 /* Release */ = {
			isa = XCBuildConfiguration;
			buildSettings = {
				ALWAYS_SEARCH_USER_PATHS = NO;
				CLANG_ANALYZER_NONNULL = YES;
				CLANG_CXX_LANGUAGE_STANDARD = "gnu++0x";
				CLANG_CXX_LIBRARY = "libc++";
				CLANG_ENABLE_MODULES = YES;
				CLANG_ENABLE_OBJC_ARC = YES;
				CLANG_WARN_BOOL_CONVERSION = YES;
				CLANG_WARN_CONSTANT_CONVERSION = YES;
				CLANG_WARN_DIRECT_OBJC_ISA_USAGE = YES_ERROR;
				CLANG_WARN_DOCUMENTATION_COMMENTS = YES;
				CLANG_WARN_EMPTY_BODY = YES;
				CLANG_WARN_ENUM_CONVERSION = YES;
				CLANG_WARN_INFINITE_RECURSION = YES;
				CLANG_WARN_INT_CONVERSION = YES;
				CLANG_WARN_OBJC_ROOT_CLASS = YES_ERROR;
				CLANG_WARN_SUSPICIOUS_MOVE = YES;
				CLANG_WARN_UNREACHABLE_CODE = YES;
				CLANG_WARN__DUPLICATE_METHOD_MATCH = YES;
				"CODE_SIGN_IDENTITY[sdk=iphoneos*]" = "iPhone Developer";
				COPY_PHASE_STRIP = NO;
				DEBUG_INFORMATION_FORMAT = "dwarf-with-dsym";
				ENABLE_NS_ASSERTIONS = NO;
				ENABLE_STRICT_OBJC_MSGSEND = YES;
				GCC_C_LANGUAGE_STANDARD = gnu99;
				GCC_NO_COMMON_BLOCKS = YES;
				GCC_WARN_64_TO_32_BIT_CONVERSION = YES;
				GCC_WARN_ABOUT_RETURN_TYPE = YES_ERROR;
				GCC_WARN_UNDECLARED_SELECTOR = YES;
				GCC_WARN_UNINITIALIZED_AUTOS = YES_AGGRESSIVE;
				GCC_WARN_UNUSED_FUNCTION = YES;
				GCC_WARN_UNUSED_VARIABLE = YES;
				IPHONEOS_DEPLOYMENT_TARGET = 10.2;
				MTL_ENABLE_DEBUG_INFO = NO;
				SDKROOT = iphoneos;
				SWIFT_OPTIMIZATION_LEVEL = "-Owholemodule";
				TARGETED_DEVICE_FAMILY = "1,2";
				VALIDATE_PRODUCT = YES;
			};
			name = Release;
		};
		2804D0801E3A15E700B9E945 /* Debug */ = {
			isa = XCBuildConfiguration;
			buildSettings = {
				ASSETCATALOG_COMPILER_APPICON_NAME = AppIcon;
				INFOPLIST_FILE = Demonstration/Info.plist;
				LD_RUNPATH_SEARCH_PATHS = "$(inherited) @executable_path/Frameworks";
				PRODUCT_BUNDLE_IDENTIFIER = "com.neils-ultimate-lab.Demonstration";
				PRODUCT_NAME = "$(TARGET_NAME)";
				SWIFT_VERSION = 3.0;
			};
			name = Debug;
		};
		2804D0811E3A15E700B9E945 /* Release */ = {
			isa = XCBuildConfiguration;
			buildSettings = {
				ASSETCATALOG_COMPILER_APPICON_NAME = AppIcon;
				INFOPLIST_FILE = Demonstration/Info.plist;
				LD_RUNPATH_SEARCH_PATHS = "$(inherited) @executable_path/Frameworks";
				PRODUCT_BUNDLE_IDENTIFIER = "com.neils-ultimate-lab.Demonstration";
				PRODUCT_NAME = "$(TARGET_NAME)";
				SWIFT_VERSION = 3.0;
			};
			name = Release;
		};
/* End XCBuildConfiguration section */

/* Begin XCConfigurationList section */
		2804D0681E3A15E700B9E945 /* Build configuration list for PBXProject "Demonstration" */ = {
			isa = XCConfigurationList;
			buildConfigurations = (
				2804D07D1E3A15E700B9E945 /* Debug */,
				2804D07E1E3A15E700B9E945 /* Release */,
			);
			defaultConfigurationIsVisible = 0;
			defaultConfigurationName = Release;
		};
		2804D07F1E3A15E700B9E945 /* Build configuration list for PBXNativeTarget "Demonstration" */ = {
			isa = XCConfigurationList;
			buildConfigurations = (
				2804D0801E3A15E700B9E945 /* Debug */,
				2804D0811E3A15E700B9E945 /* Release */,
			);
			defaultConfigurationIsVisible = 0;
		};
/* End XCConfigurationList section */
	};
	rootObject = 2804D0651E3A15E700B9E945 /* Project object */;
}
